// !$*UTF8*$!
{
	archiveVersion = 1;
	classes = {
	};
	objectVersion = 77;
	objects = {

/* Begin PBXGroup section */
		43123F5F2CF3297C009BFB34 = {
			isa = PBXGroup;
			children = (
			);
			sourceTree = "<group>";
		};
/* End PBXGroup section */

/* Begin PBXProject section */
		43123F602CF3297C009BFB34 /* Project object */ = {
			isa = PBXProject;
			attributes = {
				BuildIndependentTargetsInParallel = 1;
				LastUpgradeCheck = 1610;
			};
			buildConfigurationList = 43123F632CF3297C009BFB34 /* Build configuration list for PBXProject "Swift-Toolbox" */;
			developmentRegion = en;
			hasScannedForEncodings = 0;
			knownRegions = (
				en,
				Base,
			);
			mainGroup = 43123F5F2CF3297C009BFB34;
			minimizedProjectReferenceProxies = 1;
			preferredProjectObjectVersion = 77;
			projectDirPath = "";
			projectRoot = "";
			targets = (
			);
		};
/* End PBXProject section */

/* Begin XCBuildConfiguration section */
		43123F642CF3297C009BFB34 /* Debug */ = {
			isa = XCBuildConfiguration;
			buildSettings = {
			};
			name = Debug;
		};
		43123F652CF3297C009BFB34 /* Release */ = {
			isa = XCBuildConfiguration;
			buildSettings = {
			};
			name = Release;
		};
/* End XCBuildConfiguration section */

/* Begin XCConfigurationList section */
		43123F632CF3297C009BFB34 /* Build configuration list for PBXProject "Swift-Toolbox" */ = {
			isa = XCConfigurationList;
			buildConfigurations = (
				43123F642CF3297C009BFB34 /* Debug */,
				43123F652CF3297C009BFB34 /* Release */,
			);
			defaultConfigurationIsVisible = 0;
			defaultConfigurationName = Release;
		};
/* End XCConfigurationList section */
	};
	rootObject = 43123F602CF3297C009BFB34 /* Project object */;
}
